// !$*UTF8*$!
{
	archiveVersion = 1;
	classes = {
	};
	objectVersion = 56;
	objects = {

/* Begin PBXGroup section */
		2F9EAFF42AFA2EDD00D53A63 = {
			isa = PBXGroup;
			children = (
			);
			sourceTree = "<group>";
		};
/* End PBXGroup section */

/* Begin PBXProject section */
		2F9EAFF52AFA2EDD00D53A63 /* Project object */ = {
			isa = PBXProject;
			attributes = {
				BuildIndependentTargetsInParallel = 1;
				LastUpgradeCheck = 1420;
			};
			buildConfigurationList = 2F9EAFF82AFA2EDD00D53A63 /* Build configuration list for PBXProject "squares_test_objc" */;
			compatibilityVersion = "Xcode 14.0";
			developmentRegion = en;
			hasScannedForEncodings = 0;
			knownRegions = (
				en,
				Base,
			);
			mainGroup = 2F9EAFF42AFA2EDD00D53A63;
			projectDirPath = "";
			projectRoot = "";
			targets = (
			);
		};
/* End PBXProject section */

/* Begin XCBuildConfiguration section */
		2F9EAFF92AFA2EDD00D53A63 /* Debug */ = {
			isa = XCBuildConfiguration;
			buildSettings = {
			};
			name = Debug;
		};
		2F9EAFFA2AFA2EDD00D53A63 /* Release */ = {
			isa = XCBuildConfiguration;
			buildSettings = {
			};
			name = Release;
		};
/* End XCBuildConfiguration section */

/* Begin XCConfigurationList section */
		2F9EAFF82AFA2EDD00D53A63 /* Build configuration list for PBXProject "squares_test_objc" */ = {
			isa = XCConfigurationList;
			buildConfigurations = (
				2F9EAFF92AFA2EDD00D53A63 /* Debug */,
				2F9EAFFA2AFA2EDD00D53A63 /* Release */,
			);
			defaultConfigurationIsVisible = 0;
			defaultConfigurationName = Release;
		};
/* End XCConfigurationList section */
	};
	rootObject = 2F9EAFF52AFA2EDD00D53A63 /* Project object */;
}
